// !$*UTF8*$!
{
	archiveVersion = 1;
	classes = {
	};
	objectVersion = 50;
	objects = {

/* Begin PBXBuildFile section */
		4744CB3D21F925BC00980C8A /* AppDelegate.m in Sources */ = {isa = PBXBuildFile; fileRef = 4744CB3C21F925BC00980C8A /* AppDelegate.m */; };
		4744CB4321F925BC00980C8A /* Main.storyboard in Resources */ = {isa = PBXBuildFile; fileRef = 4744CB4121F925BC00980C8A /* Main.storyboard */; };
		4744CB4521F925BD00980C8A /* Assets.xcassets in Resources */ = {isa = PBXBuildFile; fileRef = 4744CB4421F925BD00980C8A /* Assets.xcassets */; };
		4744CB4821F925BD00980C8A /* LaunchScreen.storyboard in Resources */ = {isa = PBXBuildFile; fileRef = 4744CB4621F925BD00980C8A /* LaunchScreen.storyboard */; };
		4744CB4B21F925BD00980C8A /* main.m in Sources */ = {isa = PBXBuildFile; fileRef = 4744CB4A21F925BD00980C8A /* main.m */; };
		4744CB5321F9277200980C8A /* DocumentsTVCTableViewController.m in Sources */ = {isa = PBXBuildFile; fileRef = 4744CB5221F9277200980C8A /* DocumentsTVCTableViewController.m */; };
		4744CB5621F927EE00980C8A /* DocumentsViewController.m in Sources */ = {isa = PBXBuildFile; fileRef = 4744CB5521F927EE00980C8A /* DocumentsViewController.m */; };
/* End PBXBuildFile section */

/* Begin PBXFileReference section */
		4744CB3821F925BC00980C8A /* Documentes-ObjC.app */ = {isa = PBXFileReference; explicitFileType = wrapper.application; includeInIndex = 0; path = "Documentes-ObjC.app"; sourceTree = BUILT_PRODUCTS_DIR; };
		4744CB3B21F925BC00980C8A /* AppDelegate.h */ = {isa = PBXFileReference; lastKnownFileType = sourcecode.c.h; path = AppDelegate.h; sourceTree = "<group>"; };
		4744CB3C21F925BC00980C8A /* AppDelegate.m */ = {isa = PBXFileReference; lastKnownFileType = sourcecode.c.objc; path = AppDelegate.m; sourceTree = "<group>"; };
		4744CB4221F925BC00980C8A /* Base */ = {isa = PBXFileReference; lastKnownFileType = file.storyboard; name = Base; path = Base.lproj/Main.storyboard; sourceTree = "<group>"; };
		4744CB4421F925BD00980C8A /* Assets.xcassets */ = {isa = PBXFileReference; lastKnownFileType = folder.assetcatalog; path = Assets.xcassets; sourceTree = "<group>"; };
		4744CB4721F925BD00980C8A /* Base */ = {isa = PBXFileReference; lastKnownFileType = file.storyboard; name = Base; path = Base.lproj/LaunchScreen.storyboard; sourceTree = "<group>"; };
		4744CB4921F925BD00980C8A /* Info.plist */ = {isa = PBXFileReference; lastKnownFileType = text.plist.xml; path = Info.plist; sourceTree = "<group>"; };
		4744CB4A21F925BD00980C8A /* main.m */ = {isa = PBXFileReference; lastKnownFileType = sourcecode.c.objc; path = main.m; sourceTree = "<group>"; };
		4744CB5121F9277200980C8A /* DocumentsTVCTableViewController.h */ = {isa = PBXFileReference; lastKnownFileType = sourcecode.c.h; path = DocumentsTVCTableViewController.h; sourceTree = "<group>"; };
		4744CB5221F9277200980C8A /* DocumentsTVCTableViewController.m */ = {isa = PBXFileReference; lastKnownFileType = sourcecode.c.objc; path = DocumentsTVCTableViewController.m; sourceTree = "<group>"; };
		4744CB5421F927EE00980C8A /* DocumentsViewController.h */ = {isa = PBXFileReference; lastKnownFileType = sourcecode.c.h; path = DocumentsViewController.h; sourceTree = "<group>"; };
		4744CB5521F927EE00980C8A /* DocumentsViewController.m */ = {isa = PBXFileReference; lastKnownFileType = sourcecode.c.objc; path = DocumentsViewController.m; sourceTree = "<group>"; };
/* End PBXFileReference section */

/* Begin PBXFrameworksBuildPhase section */
		4744CB3521F925BC00980C8A /* Frameworks */ = {
			isa = PBXFrameworksBuildPhase;
			buildActionMask = 2147483647;
			files = (
			);
			runOnlyForDeploymentPostprocessing = 0;
		};
/* End PBXFrameworksBuildPhase section */

/* Begin PBXGroup section */
		4744CB2F21F925BC00980C8A = {
			isa = PBXGroup;
			children = (
				4744CB3A21F925BC00980C8A /* Documentes-ObjC */,
				4744CB3921F925BC00980C8A /* Products */,
			);
			sourceTree = "<group>";
		};
		4744CB3921F925BC00980C8A /* Products */ = {
			isa = PBXGroup;
			children = (
				4744CB3821F925BC00980C8A /* Documentes-ObjC.app */,
			);
			name = Products;
			sourceTree = "<group>";
		};
		4744CB3A21F925BC00980C8A /* Documentes-ObjC */ = {
			isa = PBXGroup;
			children = (
				4744CB5821F9280F00980C8A /* Resources */,
				4744CB5921F9281900980C8A /* Storyboards */,
				4744CB5721F927F600980C8A /* ViewControllers */,
			);
			path = "Documentes-ObjC";
			sourceTree = "<group>";
		};
		4744CB5721F927F600980C8A /* ViewControllers */ = {
			isa = PBXGroup;
			children = (
				4744CB5421F927EE00980C8A /* DocumentsViewController.h */,
				4744CB5521F927EE00980C8A /* DocumentsViewController.m */,
				4744CB5121F9277200980C8A /* DocumentsTVCTableViewController.h */,
				4744CB5221F9277200980C8A /* DocumentsTVCTableViewController.m */,
			);
			path = ViewControllers;
			sourceTree = "<group>";
		};
		4744CB5821F9280F00980C8A /* Resources */ = {
			isa = PBXGroup;
			children = (
				4744CB3B21F925BC00980C8A /* AppDelegate.h */,
				4744CB3C21F925BC00980C8A /* AppDelegate.m */,
				4744CB4421F925BD00980C8A /* Assets.xcassets */,
				4744CB4621F925BD00980C8A /* LaunchScreen.storyboard */,
				4744CB4921F925BD00980C8A /* Info.plist */,
				4744CB4A21F925BD00980C8A /* main.m */,
			);
			path = Resources;
			sourceTree = "<group>";
		};
		4744CB5921F9281900980C8A /* Storyboards */ = {
			isa = PBXGroup;
			children = (
				4744CB4121F925BC00980C8A /* Main.storyboard */,
			);
			path = Storyboards;
			sourceTree = "<group>";
		};
/* End PBXGroup section */

/* Begin PBXNativeTarget section */
		4744CB3721F925BC00980C8A /* Documentes-ObjC */ = {
			isa = PBXNativeTarget;
			buildConfigurationList = 4744CB4E21F925BD00980C8A /* Build configuration list for PBXNativeTarget "Documentes-ObjC" */;
			buildPhases = (
				4744CB3421F925BC00980C8A /* Sources */,
				4744CB3521F925BC00980C8A /* Frameworks */,
				4744CB3621F925BC00980C8A /* Resources */,
			);
			buildRules = (
			);
			dependencies = (
			);
			name = "Documentes-ObjC";
			productName = "Documentes-ObjC";
			productReference = 4744CB3821F925BC00980C8A /* Documentes-ObjC.app */;
			productType = "com.apple.product-type.application";
		};
/* End PBXNativeTarget section */

/* Begin PBXProject section */
		4744CB3021F925BC00980C8A /* Project object */ = {
			isa = PBXProject;
			attributes = {
				LastUpgradeCheck = 1010;
				ORGANIZATIONNAME = "Jerrick Warren";
				TargetAttributes = {
					4744CB3721F925BC00980C8A = {
						CreatedOnToolsVersion = 10.1;
					};
				};
			};
			buildConfigurationList = 4744CB3321F925BC00980C8A /* Build configuration list for PBXProject "Documentes-ObjC" */;
			compatibilityVersion = "Xcode 9.3";
			developmentRegion = en;
			hasScannedForEncodings = 0;
			knownRegions = (
				en,
				Base,
			);
			mainGroup = 4744CB2F21F925BC00980C8A;
			productRefGroup = 4744CB3921F925BC00980C8A /* Products */;
			projectDirPath = "";
			projectRoot = "";
			targets = (
				4744CB3721F925BC00980C8A /* Documentes-ObjC */,
			);
		};
/* End PBXProject section */

/* Begin PBXResourcesBuildPhase section */
		4744CB3621F925BC00980C8A /* Resources */ = {
			isa = PBXResourcesBuildPhase;
			buildActionMask = 2147483647;
			files = (
				4744CB4821F925BD00980C8A /* LaunchScreen.storyboard in Resources */,
				4744CB4521F925BD00980C8A /* Assets.xcassets in Resources */,
				4744CB4321F925BC00980C8A /* Main.storyboard in Resources */,
			);
			runOnlyForDeploymentPostprocessing = 0;
		};
/* End PBXResourcesBuildPhase section */

/* Begin PBXSourcesBuildPhase section */
		4744CB3421F925BC00980C8A /* Sources */ = {
			isa = PBXSourcesBuildPhase;
			buildActionMask = 2147483647;
			files = (
				4744CB4B21F925BD00980C8A /* main.m in Sources */,
				4744CB5321F9277200980C8A /* DocumentsTVCTableViewController.m in Sources */,
				4744CB3D21F925BC00980C8A /* AppDelegate.m in Sources */,
				4744CB5621F927EE00980C8A /* DocumentsViewController.m in Sources */,
			);
			runOnlyForDeploymentPostprocessing = 0;
		};
/* End PBXSourcesBuildPhase section */

/* Begin PBXVariantGroup section */
		4744CB4121F925BC00980C8A /* Main.storyboard */ = {
			isa = PBXVariantGroup;
			children = (
				4744CB4221F925BC00980C8A /* Base */,
			);
			name = Main.storyboard;
			sourceTree = "<group>";
		};
		4744CB4621F925BD00980C8A /* LaunchScreen.storyboard */ = {
			isa = PBXVariantGroup;
			children = (
				4744CB4721F925BD00980C8A /* Base */,
			);
			name = LaunchScreen.storyboard;
			sourceTree = "<group>";
		};
/* End PBXVariantGroup section */

/* Begin XCBuildConfiguration section */
		4744CB4C21F925BD00980C8A /* Debug */ = {
			isa = XCBuildConfiguration;
			buildSettings = {
				ALWAYS_SEARCH_USER_PATHS = NO;
				CLANG_ANALYZER_NONNULL = YES;
				CLANG_ANALYZER_NUMBER_OBJECT_CONVERSION = YES_AGGRESSIVE;
				CLANG_CXX_LANGUAGE_STANDARD = "gnu++14";
				CLANG_CXX_LIBRARY = "libc++";
				CLANG_ENABLE_MODULES = YES;
				CLANG_ENABLE_OBJC_ARC = YES;
				CLANG_ENABLE_OBJC_WEAK = YES;
				CLANG_WARN_BLOCK_CAPTURE_AUTORELEASING = YES;
				CLANG_WARN_BOOL_CONVERSION = YES;
				CLANG_WARN_COMMA = YES;
				CLANG_WARN_CONSTANT_CONVERSION = YES;
				CLANG_WARN_DEPRECATED_OBJC_IMPLEMENTATIONS = YES;
				CLANG_WARN_DIRECT_OBJC_ISA_USAGE = YES_ERROR;
				CLANG_WARN_DOCUMENTATION_COMMENTS = YES;
				CLANG_WARN_EMPTY_BODY = YES;
				CLANG_WARN_ENUM_CONVERSION = YES;
				CLANG_WARN_INFINITE_RECURSION = YES;
				CLANG_WARN_INT_CONVERSION = YES;
				CLANG_WARN_NON_LITERAL_NULL_CONVERSION = YES;
				CLANG_WARN_OBJC_IMPLICIT_RETAIN_SELF = YES;
				CLANG_WARN_OBJC_LITERAL_CONVERSION = YES;
				CLANG_WARN_OBJC_ROOT_CLASS = YES_ERROR;
				CLANG_WARN_RANGE_LOOP_ANALYSIS = YES;
				CLANG_WARN_STRICT_PROTOTYPES = YES;
				CLANG_WARN_SUSPICIOUS_MOVE = YES;
				CLANG_WARN_UNGUARDED_AVAILABILITY = YES_AGGRESSIVE;
				CLANG_WARN_UNREACHABLE_CODE = YES;
				CLANG_WARN__DUPLICATE_METHOD_MATCH = YES;
				CODE_SIGN_IDENTITY = "iPhone Developer";
				COPY_PHASE_STRIP = NO;
				DEBUG_INFORMATION_FORMAT = dwarf;
				ENABLE_STRICT_OBJC_MSGSEND = YES;
				ENABLE_TESTABILITY = YES;
				GCC_C_LANGUAGE_STANDARD = gnu11;
				GCC_DYNAMIC_NO_PIC = NO;
				GCC_NO_COMMON_BLOCKS = YES;
				GCC_OPTIMIZATION_LEVEL = 0;
				GCC_PREPROCESSOR_DEFINITIONS = (
					"DEBUG=1",
					"$(inherited)",
				);
				GCC_WARN_64_TO_32_BIT_CONVERSION = YES;
				GCC_WARN_ABOUT_RETURN_TYPE = YES_ERROR;
				GCC_WARN_UNDECLARED_SELECTOR = YES;
				GCC_WARN_UNINITIALIZED_AUTOS = YES_AGGRESSIVE;
				GCC_WARN_UNUSED_FUNCTION = YES;
				GCC_WARN_UNUSED_VARIABLE = YES;
				IPHONEOS_DEPLOYMENT_TARGET = 12.1;
				MTL_ENABLE_DEBUG_INFO = INCLUDE_SOURCE;
				MTL_FAST_MATH = YES;
				ONLY_ACTIVE_ARCH = YES;
				SDKROOT = iphoneos;
			};
			name = Debug;
		};
		4744CB4D21F925BD00980C8A /* Release */ = {
			isa = XCBuildConfiguration;
			buildSettings = {
				ALWAYS_SEARCH_USER_PATHS = NO;
				CLANG_ANALYZER_NONNULL = YES;
				CLANG_ANALYZER_NUMBER_OBJECT_CONVERSION = YES_AGGRESSIVE;
				CLANG_CXX_LANGUAGE_STANDARD = "gnu++14";
				CLANG_CXX_LIBRARY = "libc++";
				CLANG_ENABLE_MODULES = YES;
				CLANG_ENABLE_OBJC_ARC = YES;
				CLANG_ENABLE_OBJC_WEAK = YES;
				CLANG_WARN_BLOCK_CAPTURE_AUTORELEASING = YES;
				CLANG_WARN_BOOL_CONVERSION = YES;
				CLANG_WARN_COMMA = YES;
				CLANG_WARN_CONSTANT_CONVERSION = YES;
				CLANG_WARN_DEPRECATED_OBJC_IMPLEMENTATIONS = YES;
				CLANG_WARN_DIRECT_OBJC_ISA_USAGE = YES_ERROR;
				CLANG_WARN_DOCUMENTATION_COMMENTS = YES;
				CLANG_WARN_EMPTY_BODY = YES;
				CLANG_WARN_ENUM_CONVERSION = YES;
				CLANG_WARN_INFINITE_RECURSION = YES;
				CLANG_WARN_INT_CONVERSION = YES;
				CLANG_WARN_NON_LITERAL_NULL_CONVERSION = YES;
				CLANG_WARN_OBJC_IMPLICIT_RETAIN_SELF = YES;
				CLANG_WARN_OBJC_LITERAL_CONVERSION = YES;
				CLANG_WARN_OBJC_ROOT_CLASS = YES_ERROR;
				CLANG_WARN_RANGE_LOOP_ANALYSIS = YES;
				CLANG_WARN_STRICT_PROTOTYPES = YES;
				CLANG_WARN_SUSPICIOUS_MOVE = YES;
				CLANG_WARN_UNGUARDED_AVAILABILITY = YES_AGGRESSIVE;
				CLANG_WARN_UNREACHABLE_CODE = YES;
				CLANG_WARN__DUPLICATE_METHOD_MATCH = YES;
				CODE_SIGN_IDENTITY = "iPhone Developer";
				COPY_PHASE_STRIP = NO;
				DEBUG_INFORMATION_FORMAT = "dwarf-with-dsym";
				ENABLE_NS_ASSERTIONS = NO;
				ENABLE_STRICT_OBJC_MSGSEND = YES;
				GCC_C_LANGUAGE_STANDARD = gnu11;
				GCC_NO_COMMON_BLOCKS = YES;
				GCC_WARN_64_TO_32_BIT_CONVERSION = YES;
				GCC_WARN_ABOUT_RETURN_TYPE = YES_ERROR;
				GCC_WARN_UNDECLARED_SELECTOR = YES;
				GCC_WARN_UNINITIALIZED_AUTOS = YES_AGGRESSIVE;
				GCC_WARN_UNUSED_FUNCTION = YES;
				GCC_WARN_UNUSED_VARIABLE = YES;
				IPHONEOS_DEPLOYMENT_TARGET = 12.1;
				MTL_ENABLE_DEBUG_INFO = NO;
				MTL_FAST_MATH = YES;
				SDKROOT = iphoneos;
				VALIDATE_PRODUCT = YES;
			};
			name = Release;
		};
		4744CB4F21F925BD00980C8A /* Debug */ = {
			isa = XCBuildConfiguration;
			buildSettings = {
				ASSETCATALOG_COMPILER_APPICON_NAME = AppIcon;
				CODE_SIGN_STYLE = Automatic;
				DEVELOPMENT_TEAM = 7JG93VFG2G;
				INFOPLIST_FILE = "$(SRCROOT)/Documentes-ObjC/Resources/Info.plist";
				LD_RUNPATH_SEARCH_PATHS = (
					"$(inherited)",
					"@executable_path/Frameworks",
				);
				PRODUCT_BUNDLE_IDENTIFIER = "com.jerrickwarren.Documentes-ObjC";
				PRODUCT_NAME = "$(TARGET_NAME)";
				TARGETED_DEVICE_FAMILY = "1,2";
			};
			name = Debug;
		};
		4744CB5021F925BD00980C8A /* Release */ = {
			isa = XCBuildConfiguration;
			buildSettings = {
				ASSETCATALOG_COMPILER_APPICON_NAME = AppIcon;
				CODE_SIGN_STYLE = Automatic;
				DEVELOPMENT_TEAM = 7JG93VFG2G;
				INFOPLIST_FILE = "$(SRCROOT)/Documentes-ObjC/Resources/Info.plist";
				LD_RUNPATH_SEARCH_PATHS = (
					"$(inherited)",
					"@executable_path/Frameworks",
				);
				PRODUCT_BUNDLE_IDENTIFIER = "com.jerrickwarren.Documentes-ObjC";
				PRODUCT_NAME = "$(TARGET_NAME)";
				TARGETED_DEVICE_FAMILY = "1,2";
			};
			name = Release;
		};
/* End XCBuildConfiguration section */

/* Begin XCConfigurationList section */
		4744CB3321F925BC00980C8A /* Build configuration list for PBXProject "Documentes-ObjC" */ = {
			isa = XCConfigurationList;
			buildConfigurations = (
				4744CB4C21F925BD00980C8A /* Debug */,
				4744CB4D21F925BD00980C8A /* Release */,
			);
			defaultConfigurationIsVisible = 0;
			defaultConfigurationName = Release;
		};
		4744CB4E21F925BD00980C8A /* Build configuration list for PBXNativeTarget "Documentes-ObjC" */ = {
			isa = XCConfigurationList;
			buildConfigurations = (
				4744CB4F21F925BD00980C8A /* Debug */,
				4744CB5021F925BD00980C8A /* Release */,
			);
			defaultConfigurationIsVisible = 0;
			defaultConfigurationName = Release;
		};
/* End XCConfigurationList section */
	};
	rootObject = 4744CB3021F925BC00980C8A /* Project object */;
}
